
Microsoft Visual Studio Solution File, Format Version 12.00
# Visual Studio 15
VisualStudioVersion = 15.0.26206.0
MinimumVisualStudioVersion = 10.0.40219.1
Project("{911E67C6-3D85-4FCE-B560-20A9C3E3FF48}") = "UE4-Win64-Shipping", "UE4-Win64-Shipping.exe", "{9CB7C650-02FB-41F0-89B6-EF9D19D41079}"
	ProjectSection(DebuggerProjectSystem) = preProject
		PortSupplier = 708c1eca-ff48-11d2-904f-00c04fa302a1
		Executable = C:\Program Files\Epic Games\UnrealTournament\Engine\Binaries\Win64\UE4-Win64-Shipping.exe
		RemoteMachine = DESKTOP-2B2B6RH
		StartingDirectory = C:\Program Files\Epic Games\UnrealTournament\Engine\Binaries\Win64
		Environment = userdomain=DESKTOP-2B2B6RH	_ptvs_pid=112	tmpdir=C:\Users\Public\Documents\Wondershare\CreatorTemp	programdata=C:\ProgramData	windir=C:\WINDOWS	allusersprofile=C:\ProgramData	ccp_home=C:\Program Files\Microsoft HPC Pack 2016\	commonprogramfiles=C:\Program Files (x86)\Common Files	visualstudiodir=C:\Users\Aleksey Kartashov\Documents\Visual Studio 2015	msmpi_bin=C:\Program Files\Microsoft MPI\Bin\	processor_architew6432=AMD64	vssnseslnasfldr=1	vssdk140install=C:\Program Files (x86)\Microsoft Visual Studio 14.0\VSSDK\	userdomain_roamingprofile=DESKTOP-2B2B6RH	pathext=.COM;.EXE;.BAT;.CMD;.VBS;.VBE;.JS;.JSE;.WSF;.WSH;.MSC;.RB;.RBW	temp=C:\Users\ALEKSE~1\AppData\Local\Temp	logonserver=\\DESKTOP-2B2B6RH	ccp_lib32=C:\Program Files\Microsoft HPC Pack 2012 SDK\Lib\i386\	tmp=C:\Users\ALEKSE~1\AppData\Local\Temp	systemroot=C:\WINDOWS	ccp_jobtemplate=Default	psmodulepath=C:\Program Files\WindowsPowerShell\Modules;C:\WINDOWS\system32\WindowsPowerShell\v1.0\Modules;C:\Program Files\WindowsPowerShell\Modules\;C:\Program Files (x86)\Microsoft SDKs\Azure\PowerShell\ResourceManager\AzureResourceManager\;C:\Program Files (x86)\Microsoft SDKs\Azure\PowerShell\ServiceManagement\;C:\Program Files (x86)\Microsoft SDKs\Azure\PowerShell\Storage\	vs120comntools=C:\Program Files (x86)\Microsoft Visual Studio 12.0\Common7\Tools\	fps_browser_app_profile_string=Internet Explorer	vs140comntools=C:\Program Files (x86)\Microsoft Visual Studio 14.0\Common7\Tools\	path=C:\Program Files (x86)\Microsoft Visual Studio 14.0\Common7\IDE\CommonExtensions\Microsoft\TeamFoundation\Team Explorer\NativeBinaries\x86;C:\Program Files\Microsoft HPC Pack 2016\Bin\;C:\Program Files\Microsoft MPI\Bin\;C:\Program Files (x86)\Embarcadero\Studio\18.0\bin;C:\Users\Public\Documents\Embarcadero\Studio\18.0\Bpl;C:\Program Files (x86)\Embarcadero\Studio\18.0\bin64;C:\Users\Public\Documents\Embarcadero\Studio\18.0\Bpl\Win64;C:\VulkanSDK\1.0.30.0\Bin;C:\ProgramData\Oracle\Java\javapath;C:\Program Files (x86)\Intel\iCLS Client\;C:\Program Files\Intel\iCLS Client\;C:\WINDOWS\system32;C:\WINDOWS;C:\WINDOWS\System32\Wbem;C:\WINDOWS\System32\WindowsPowerShell\v1.0\;C:\Program Files (x86)\AMD APP SDK\3.0\bin\x86_64;C:\Program Files (x86)\AMD APP SDK\3.0\bin\x86;C:\Program Files (x86)\Windows Kits\10\Windows Performance Toolkit\;C:\FPC\3.0.0\bin\i386-Win32;C:\Program Files (x86)\Microsoft SDKs\Azure\CLI\wbin;C:\Program Files\Microsoft SQL Server\110\Tools\Binn\;C:\Program Files (x86)\Microsoft SDKs\TypeScript\1.0\;C:\Program Files\Microsoft SQL Server\120\Tools\Binn\;C:\Program Files (x86)\Skype\Phone\;C:\Program Files\Microsoft\Web Platform Installer\;C:\Program Files\Git\cmd;C:\Program Files\Microsoft SQL Server\130\Tools\Binn\;c:\Program Files (x86)\Microsoft SQL Server\90\Tools\binn\;C:\Program Files (x86)\GtkSharp\2.12\bin;C:\Program Files\Intel\WiFi\bin\;C:\Program Files\Common Files\Intel\WirelessCommon\;C:\Program Files (x86)\nodejs\;C:\Program Files (x86)\Intel\Intel(R) Management Engine Components\DAL;C:\Program Files\Intel\Intel(R) Management Engine Components\DAL;C:\Program Files (x86)\Intel\Intel(R) Management Engine Components\IPT;C:\Program Files\Intel\Intel(R) Management Engine Components\IPT;C:\Program Files\dotnet\;C:\Program Files (x86)\Microsoft Emulator Manager\1.0\;C:\RailsInstaller\Ruby2.3.0\bin;C:\RailsInstaller\Git\cmd;C:\RailsInstaller\Ruby2.2.0\bin;C:\Ruby23-x64\bin;C:\Users\Aleksey Kartashov\AppData\Local\Programs\Python\Python35-32\Scripts\;C:\Users\Aleksey Kartashov\AppData\Local\Programs\Python\Python35-32\;C:\Users\Aleksey Kartashov\AppData\Local\Microsoft\WindowsApps;C:\Program Files (x86)\Microsoft VS Code\bin;C:\Program Files\Intel\WiFi\bin\;C:\Program Files\Common Files\Intel\WirelessCommon\;C:\Users\Aleksey Kartashov\AppData\Roaming\npm;C:\LocalContentUpdater	ccp_inc=C:\Program Files\Microsoft HPC Pack 2012 SDK\Include\	username=Aleksey Kartashov	systemdrive=C:	dxsdk_dir=C:\Program Files (x86)\Microsoft DirectX SDK (June 2010)\	userprofile=C:\Users\Aleksey Kartashov	commonprogramfiles(x86)=C:\Program Files (x86)\Common Files	wwisesdk=C:\Program Files (x86)\Audiokinetic\Wwise LTX 2016.1.1.5823\SDK	programfiles(x86)=C:\Program Files (x86)	wwiseroot=C:\Program Files (x86)\Audiokinetic\Wwise LTX 2016.1.1.5823	vs90comntools=C:\Program Files (x86)\Microsoft Visual Studio 9.0\Common7\Tools\	processor_revision=5e03	vk_sdk_path=C:\VulkanSDK\1.0.30.0	computername=DESKTOP-2B2B6RH	vslang=1033	fps_browser_user_profile_string=Default	visualstudioedition=Microsoft Visual Studio Community 2015	onedrive=C:\Users\Aleksey Kartashov\OneDrive	localappdata=C:\Users\Aleksey Kartashov\AppData\Local	os=Windows_NT	visualstudioversion=14.0	processor_identifier=Intel64 Family 6 Model 94 Stepping 3, GenuineIntel	fsharpinstalldir=C:\Program Files (x86)\Microsoft SDKs\F#\4.1\Framework\v4.0\	vs110comntools=C:\Program Files (x86)\Microsoft Visual Studio 11.0\Common7\Tools\	commonprogramw6432=C:\Program Files\Common Files	msbuildloadmicrosofttargetsreadonly=true	homedrive=C:	programw6432=C:\Program Files	homepath=\Users\Aleksey Kartashov	comspec=C:\WINDOWS\system32\cmd.exe	processor_level=6	ccp_sdk=C:\Program Files\Microsoft HPC Pack 2012 SDK\	ccp_logroot_usr=%LOCALAPPDATA%\Microsoft\Hpc\LogFiles\	number_of_processors=4	ccp_lib64=C:\Program Files\Microsoft HPC Pack 2012 SDK\Lib\amd64\	appdata=C:\Users\Aleksey Kartashov\AppData\Roaming	gtk_basepath=C:\Program Files (x86)\GtkSharp\2.12\	pkgdefapplicationconfigfile=C:\Users\Aleksey Kartashov\AppData\Local\Microsoft\VisualStudio\14.0\devenv.exe.config	public=C:\Users\Public	amdappsdkroot=C:\Program Files (x86)\AMD APP SDK\3.0\	vulkan_sdk=C:\VulkanSDK\1.0.30.0	processor_architecture=x86	programfiles=C:\Program Files (x86)	sessionname=Console	
		LaunchingEngine = 00000000-0000-0000-0000-000000000000
		UseLegacyDebugEngines = No
		LaunchSQLEngine = Yes
		AttachLaunchAction = No
	EndProjectSection
EndProject
Global
	GlobalSection(SolutionConfigurationPlatforms) = preSolution
		Release|x64 = Release|x64
	EndGlobalSection
	GlobalSection(ProjectConfigurationPlatforms) = postSolution
		{9CB7C650-02FB-41F0-89B6-EF9D19D41079}.Release|x64.ActiveCfg = Release|x64
	EndGlobalSection
	GlobalSection(SolutionProperties) = preSolution
		HideSolutionNode = FALSE
	EndGlobalSection
	GlobalSection(Performance) = preSolution
		HasPerformanceSessions = true
	EndGlobalSection
EndGlobal
